
Microsoft Visual Studio Solution File, Format Version 12.00
# Visual Studio Version 16
VisualStudioVersion = 16.0.31112.23
MinimumVisualStudioVersion = 10.0.40219.1
Project("{FAE04EC0-301F-11D3-BF4B-00C04F79EFBC}") = "LibnatorDesktop", "LibnatorDesktop.csproj", "{EBE22EF8-3C82-4B21-BC66-73A648F636B9}"
EndProject
Global
	GlobalSection(SolutionConfigurationPlatforms) = preSolution
		Debug|Any CPU = Debug|Any CPU
		Release|Any CPU = Release|Any CPU
	EndGlobalSection
	GlobalSection(ProjectConfigurationPlatforms) = postSolution
		{EBE22EF8-3C82-4B21-BC66-73A648F636B9}.Debug|Any CPU.ActiveCfg = Debug|Any CPU
		{EBE22EF8-3C82-4B21-BC66-73A648F636B9}.Debug|Any CPU.Build.0 = Debug|Any CPU
		{EBE22EF8-3C82-4B21-BC66-73A648F636B9}.Release|Any CPU.ActiveCfg = Release|Any CPU
		{EBE22EF8-3C82-4B21-BC66-73A648F636B9}.Release|Any CPU.Build.0 = Release|Any CPU
	EndGlobalSection
	GlobalSection(SolutionProperties) = preSolution
		HideSolutionNode = FALSE
	EndGlobalSection
	GlobalSection(ExtensibilityGlobals) = postSolution
		SolutionGuid = {5BB5FC6E-1EA7-4D5A-A471-8FBF944EC209}
	EndGlobalSection
EndGlobal
